
Microsoft Visual Studio Solution File, Format Version 12.00
# Visual Studio Version 17
VisualStudioVersion = 17.11.35222.181
MinimumVisualStudioVersion = 10.0.40219.1
Project("{9A19103F-16F7-4668-BE54-9A1E7A4F7556}") = "AsyncBenchmarks.Utils", "AsyncBenchmarks.Utils\AsyncBenchmarks.Utils.csproj", "{2BF9BD59-093A-4869-97FB-D5B1C7F55026}"
EndProject
Project("{9A19103F-16F7-4668-BE54-9A1E7A4F7556}") = "AsyncBenchmarks.ConsoleApp", "AsyncBenchmarks.ConsoleApp\AsyncBenchmarks.ConsoleApp.csproj", "{D7E32EAA-43F5-49CE-8FF8-07FA5FE042A4}"
EndProject
Project("{FAE04EC0-301F-11D3-BF4B-00C04F79EFBC}") = "AsyncBenchmarks.WebApi", "AsyncBenchmarks.WebApi\AsyncBenchmarks.WebApi.csproj", "{7DC1C5FF-EB52-4D12-8020-FD8C61063749}"
EndProject
Global
	GlobalSection(SolutionConfigurationPlatforms) = preSolution
		Debug|Any CPU = Debug|Any CPU
		Release|Any CPU = Release|Any CPU
	EndGlobalSection
	GlobalSection(ProjectConfigurationPlatforms) = postSolution
		{2BF9BD59-093A-4869-97FB-D5B1C7F55026}.Debug|Any CPU.ActiveCfg = Debug|Any CPU
		{2BF9BD59-093A-4869-97FB-D5B1C7F55026}.Debug|Any CPU.Build.0 = Debug|Any CPU
		{2BF9BD59-093A-4869-97FB-D5B1C7F55026}.Release|Any CPU.ActiveCfg = Release|Any CPU
		{2BF9BD59-093A-4869-97FB-D5B1C7F55026}.Release|Any CPU.Build.0 = Release|Any CPU
		{D7E32EAA-43F5-49CE-8FF8-07FA5FE042A4}.Debug|Any CPU.ActiveCfg = Debug|Any CPU
		{D7E32EAA-43F5-49CE-8FF8-07FA5FE042A4}.Debug|Any CPU.Build.0 = Debug|Any CPU
		{D7E32EAA-43F5-49CE-8FF8-07FA5FE042A4}.Release|Any CPU.ActiveCfg = Release|Any CPU
		{D7E32EAA-43F5-49CE-8FF8-07FA5FE042A4}.Release|Any CPU.Build.0 = Release|Any CPU
		{7DC1C5FF-EB52-4D12-8020-FD8C61063749}.Debug|Any CPU.ActiveCfg = Debug|Any CPU
		{7DC1C5FF-EB52-4D12-8020-FD8C61063749}.Debug|Any CPU.Build.0 = Debug|Any CPU
		{7DC1C5FF-EB52-4D12-8020-FD8C61063749}.Release|Any CPU.ActiveCfg = Release|Any CPU
		{7DC1C5FF-EB52-4D12-8020-FD8C61063749}.Release|Any CPU.Build.0 = Release|Any CPU
	EndGlobalSection
	GlobalSection(SolutionProperties) = preSolution
		HideSolutionNode = FALSE
	EndGlobalSection
	GlobalSection(ExtensibilityGlobals) = postSolution
		SolutionGuid = {EE634051-AE8F-4054-9ECD-4F55539C7A13}
	EndGlobalSection
EndGlobal
